
Microsoft Visual Studio Solution File, Format Version 12.00
Project("{FAE04EC0-301F-11D3-BF4B-00C04F79EFBC}") = "AutomobileLibrary", "AutomobileLibrary\AutomobileLibrary.csproj", "{0D2F354E-7057-44FE-8A06-BB20CCBE970F}"
EndProject
Project("{FAE04EC0-301F-11D3-BF4B-00C04F79EFBC}") = "AutomobileWPFApp", "AutomobileWPFApp\AutomobileWPFApp.csproj", "{43DDFBC9-06D0-4679-9694-3417843BD79F}"
EndProject
Global
	GlobalSection(SolutionConfigurationPlatforms) = preSolution
		Debug|Any CPU = Debug|Any CPU
		Release|Any CPU = Release|Any CPU
	EndGlobalSection
	GlobalSection(ProjectConfigurationPlatforms) = postSolution
		{0D2F354E-7057-44FE-8A06-BB20CCBE970F}.Debug|Any CPU.ActiveCfg = Debug|Any CPU
		{0D2F354E-7057-44FE-8A06-BB20CCBE970F}.Debug|Any CPU.Build.0 = Debug|Any CPU
		{0D2F354E-7057-44FE-8A06-BB20CCBE970F}.Release|Any CPU.ActiveCfg = Release|Any CPU
		{0D2F354E-7057-44FE-8A06-BB20CCBE970F}.Release|Any CPU.Build.0 = Release|Any CPU
		{43DDFBC9-06D0-4679-9694-3417843BD79F}.Debug|Any CPU.ActiveCfg = Debug|Any CPU
		{43DDFBC9-06D0-4679-9694-3417843BD79F}.Debug|Any CPU.Build.0 = Debug|Any CPU
		{43DDFBC9-06D0-4679-9694-3417843BD79F}.Release|Any CPU.ActiveCfg = Release|Any CPU
		{43DDFBC9-06D0-4679-9694-3417843BD79F}.Release|Any CPU.Build.0 = Release|Any CPU
	EndGlobalSection
EndGlobal
